
Microsoft Visual Studio Solution File, Format Version 12.00
# Visual Studio Version 17
VisualStudioVersion = 17.2.32630.192
MinimumVisualStudioVersion = 10.0.40219.1
Project("{9A19103F-16F7-4668-BE54-9A1E7A4F7556}") = "R5T.T0167", "R5T.T0167\R5T.T0167.csproj", "{79AAF38A-5219-4470-9C4E-D179A3B13850}"
EndProject
Project("{2150E333-8FDC-42A3-9474-1A3956D46DE8}") = "_Dependencies", "_Dependencies", "{0E6FB860-BC56-43EA-9D24-229553237F8E}"
EndProject
Project("{9A19103F-16F7-4668-BE54-9A1E7A4F7556}") = "R5T.T0154", "..\..\R5T.T0154\source\R5T.T0154\R5T.T0154.csproj", "{3EA3EAEC-391A-4A32-AE3C-649D2D3DF1D5}"
EndProject
Project("{9A19103F-16F7-4668-BE54-9A1E7A4F7556}") = "R5T.T0141", "..\..\R5T.T0141\source\R5T.T0141\R5T.T0141.csproj", "{22133302-69C9-431D-8128-CF9FAE09A891}"
EndProject
Project("{9A19103F-16F7-4668-BE54-9A1E7A4F7556}") = "R5T.T0132", "..\..\R5T.T0132\source\R5T.T0132\R5T.T0132.csproj", "{7BBBFB33-4275-42E2-AC49-11AF61218CD7}"
EndProject
Project("{9A19103F-16F7-4668-BE54-9A1E7A4F7556}") = "R5T.T0131", "..\..\R5T.T0131\source\R5T.T0131\R5T.T0131.csproj", "{DB275D67-4B42-4815-A1D8-E69190F5ECF5}"
EndProject
Project("{9A19103F-16F7-4668-BE54-9A1E7A4F7556}") = "R5T.T0156", "..\..\R5T.T0156\source\R5T.T0156\R5T.T0156.csproj", "{83D01B85-886F-485A-BDDA-0C652CE66A53}"
EndProject
Project("{9A19103F-16F7-4668-BE54-9A1E7A4F7556}") = "R5T.T0155", "..\..\R5T.T0155\source\R5T.T0155\R5T.T0155.csproj", "{95A69109-2D2E-4605-9078-AF48910EE56A}"
EndProject
Project("{9A19103F-16F7-4668-BE54-9A1E7A4F7556}") = "R5T.T0143", "..\..\R5T.T0143\source\R5T.T0143\R5T.T0143.csproj", "{AE8C338B-A19F-4727-A637-1BB325C9A892}"
EndProject
Project("{9A19103F-16F7-4668-BE54-9A1E7A4F7556}") = "R5T.T0150", "..\..\R5T.T0150\source\R5T.T0150\R5T.T0150.csproj", "{6C1CC93A-B41E-4C05-9899-BC38BECBDA80}"
EndProject
Project("{9A19103F-16F7-4668-BE54-9A1E7A4F7556}") = "R5T.T0151", "..\..\R5T.T0151\source\R5T.T0151\R5T.T0151.csproj", "{81CD98EF-88C8-4D15-BE0D-07F049349973}"
EndProject
Project("{9A19103F-16F7-4668-BE54-9A1E7A4F7556}") = "R5T.T0142", "..\..\R5T.T0142\source\R5T.T0142\R5T.T0142.csproj", "{2C07AD23-C042-40C6-9E27-E89010E3510C}"
EndProject
Project("{9A19103F-16F7-4668-BE54-9A1E7A4F7556}") = "R5T.T0064", "..\..\R5T.T0064\source\R5T.T0064\R5T.T0064.csproj", "{A1A30CA5-CDE2-4660-B20C-EF13A894528A}"
EndProject
Project("{9A19103F-16F7-4668-BE54-9A1E7A4F7556}") = "R5T.T0168", "..\..\R5T.T0168\source\R5T.T0168\R5T.T0168.csproj", "{E51DAC27-7301-41FC-AB37-2E514A843708}"
EndProject
Global
	GlobalSection(SolutionConfigurationPlatforms) = preSolution
		Debug|Any CPU = Debug|Any CPU
		Release|Any CPU = Release|Any CPU
	EndGlobalSection
	GlobalSection(ProjectConfigurationPlatforms) = postSolution
		{79AAF38A-5219-4470-9C4E-D179A3B13850}.Debug|Any CPU.ActiveCfg = Debug|Any CPU
		{79AAF38A-5219-4470-9C4E-D179A3B13850}.Debug|Any CPU.Build.0 = Debug|Any CPU
		{79AAF38A-5219-4470-9C4E-D179A3B13850}.Release|Any CPU.ActiveCfg = Release|Any CPU
		{79AAF38A-5219-4470-9C4E-D179A3B13850}.Release|Any CPU.Build.0 = Release|Any CPU
		{3EA3EAEC-391A-4A32-AE3C-649D2D3DF1D5}.Debug|Any CPU.ActiveCfg = Debug|Any CPU
		{3EA3EAEC-391A-4A32-AE3C-649D2D3DF1D5}.Debug|Any CPU.Build.0 = Debug|Any CPU
		{3EA3EAEC-391A-4A32-AE3C-649D2D3DF1D5}.Release|Any CPU.ActiveCfg = Release|Any CPU
		{3EA3EAEC-391A-4A32-AE3C-649D2D3DF1D5}.Release|Any CPU.Build.0 = Release|Any CPU
		{22133302-69C9-431D-8128-CF9FAE09A891}.Debug|Any CPU.ActiveCfg = Debug|Any CPU
		{22133302-69C9-431D-8128-CF9FAE09A891}.Debug|Any CPU.Build.0 = Debug|Any CPU
		{22133302-69C9-431D-8128-CF9FAE09A891}.Release|Any CPU.ActiveCfg = Release|Any CPU
		{22133302-69C9-431D-8128-CF9FAE09A891}.Release|Any CPU.Build.0 = Release|Any CPU
		{7BBBFB33-4275-42E2-AC49-11AF61218CD7}.Debug|Any CPU.ActiveCfg = Debug|Any CPU
		{7BBBFB33-4275-42E2-AC49-11AF61218CD7}.Debug|Any CPU.Build.0 = Debug|Any CPU
		{7BBBFB33-4275-42E2-AC49-11AF61218CD7}.Release|Any CPU.ActiveCfg = Release|Any CPU
		{7BBBFB33-4275-42E2-AC49-11AF61218CD7}.Release|Any CPU.Build.0 = Release|Any CPU
		{DB275D67-4B42-4815-A1D8-E69190F5ECF5}.Debug|Any CPU.ActiveCfg = Debug|Any CPU
		{DB275D67-4B42-4815-A1D8-E69190F5ECF5}.Debug|Any CPU.Build.0 = Debug|Any CPU
		{DB275D67-4B42-4815-A1D8-E69190F5ECF5}.Release|Any CPU.ActiveCfg = Release|Any CPU
		{DB275D67-4B42-4815-A1D8-E69190F5ECF5}.Release|Any CPU.Build.0 = Release|Any CPU
		{83D01B85-886F-485A-BDDA-0C652CE66A53}.Debug|Any CPU.ActiveCfg = Debug|Any CPU
		{83D01B85-886F-485A-BDDA-0C652CE66A53}.Debug|Any CPU.Build.0 = Debug|Any CPU
		{83D01B85-886F-485A-BDDA-0C652CE66A53}.Release|Any CPU.ActiveCfg = Release|Any CPU
		{83D01B85-886F-485A-BDDA-0C652CE66A53}.Release|Any CPU.Build.0 = Release|Any CPU
		{95A69109-2D2E-4605-9078-AF48910EE56A}.Debug|Any CPU.ActiveCfg = Debug|Any CPU
		{95A69109-2D2E-4605-9078-AF48910EE56A}.Debug|Any CPU.Build.0 = Debug|Any CPU
		{95A69109-2D2E-4605-9078-AF48910EE56A}.Release|Any CPU.ActiveCfg = Release|Any CPU
		{95A69109-2D2E-4605-9078-AF48910EE56A}.Release|Any CPU.Build.0 = Release|Any CPU
		{AE8C338B-A19F-4727-A637-1BB325C9A892}.Debug|Any CPU.ActiveCfg = Debug|Any CPU
		{AE8C338B-A19F-4727-A637-1BB325C9A892}.Debug|Any CPU.Build.0 = Debug|Any CPU
		{AE8C338B-A19F-4727-A637-1BB325C9A892}.Release|Any CPU.ActiveCfg = Release|Any CPU
		{AE8C338B-A19F-4727-A637-1BB325C9A892}.Release|Any CPU.Build.0 = Release|Any CPU
		{6C1CC93A-B41E-4C05-9899-BC38BECBDA80}.Debug|Any CPU.ActiveCfg = Debug|Any CPU
		{6C1CC93A-B41E-4C05-9899-BC38BECBDA80}.Debug|Any CPU.Build.0 = Debug|Any CPU
		{6C1CC93A-B41E-4C05-9899-BC38BECBDA80}.Release|Any CPU.ActiveCfg = Release|Any CPU
		{6C1CC93A-B41E-4C05-9899-BC38BECBDA80}.Release|Any CPU.Build.0 = Release|Any CPU
		{81CD98EF-88C8-4D15-BE0D-07F049349973}.Debug|Any CPU.ActiveCfg = Debug|Any CPU
		{81CD98EF-88C8-4D15-BE0D-07F049349973}.Debug|Any CPU.Build.0 = Debug|Any CPU
		{81CD98EF-88C8-4D15-BE0D-07F049349973}.Release|Any CPU.ActiveCfg = Release|Any CPU
		{81CD98EF-88C8-4D15-BE0D-07F049349973}.Release|Any CPU.Build.0 = Release|Any CPU
		{2C07AD23-C042-40C6-9E27-E89010E3510C}.Debug|Any CPU.ActiveCfg = Debug|Any CPU
		{2C07AD23-C042-40C6-9E27-E89010E3510C}.Debug|Any CPU.Build.0 = Debug|Any CPU
		{2C07AD23-C042-40C6-9E27-E89010E3510C}.Release|Any CPU.ActiveCfg = Release|Any CPU
		{2C07AD23-C042-40C6-9E27-E89010E3510C}.Release|Any CPU.Build.0 = Release|Any CPU
		{A1A30CA5-CDE2-4660-B20C-EF13A894528A}.Debug|Any CPU.ActiveCfg = Debug|Any CPU
		{A1A30CA5-CDE2-4660-B20C-EF13A894528A}.Debug|Any CPU.Build.0 = Debug|Any CPU
		{A1A30CA5-CDE2-4660-B20C-EF13A894528A}.Release|Any CPU.ActiveCfg = Release|Any CPU
		{A1A30CA5-CDE2-4660-B20C-EF13A894528A}.Release|Any CPU.Build.0 = Release|Any CPU
		{E51DAC27-7301-41FC-AB37-2E514A843708}.Debug|Any CPU.ActiveCfg = Debug|Any CPU
		{E51DAC27-7301-41FC-AB37-2E514A843708}.Debug|Any CPU.Build.0 = Debug|Any CPU
		{E51DAC27-7301-41FC-AB37-2E514A843708}.Release|Any CPU.ActiveCfg = Release|Any CPU
		{E51DAC27-7301-41FC-AB37-2E514A843708}.Release|Any CPU.Build.0 = Release|Any CPU
	EndGlobalSection
	GlobalSection(SolutionProperties) = preSolution
		HideSolutionNode = FALSE
	EndGlobalSection
	GlobalSection(NestedProjects) = preSolution
		{3EA3EAEC-391A-4A32-AE3C-649D2D3DF1D5} = {0E6FB860-BC56-43EA-9D24-229553237F8E}
		{22133302-69C9-431D-8128-CF9FAE09A891} = {0E6FB860-BC56-43EA-9D24-229553237F8E}
		{7BBBFB33-4275-42E2-AC49-11AF61218CD7} = {0E6FB860-BC56-43EA-9D24-229553237F8E}
		{DB275D67-4B42-4815-A1D8-E69190F5ECF5} = {0E6FB860-BC56-43EA-9D24-229553237F8E}
		{83D01B85-886F-485A-BDDA-0C652CE66A53} = {0E6FB860-BC56-43EA-9D24-229553237F8E}
		{95A69109-2D2E-4605-9078-AF48910EE56A} = {0E6FB860-BC56-43EA-9D24-229553237F8E}
		{AE8C338B-A19F-4727-A637-1BB325C9A892} = {0E6FB860-BC56-43EA-9D24-229553237F8E}
		{6C1CC93A-B41E-4C05-9899-BC38BECBDA80} = {0E6FB860-BC56-43EA-9D24-229553237F8E}
		{81CD98EF-88C8-4D15-BE0D-07F049349973} = {0E6FB860-BC56-43EA-9D24-229553237F8E}
		{2C07AD23-C042-40C6-9E27-E89010E3510C} = {0E6FB860-BC56-43EA-9D24-229553237F8E}
		{A1A30CA5-CDE2-4660-B20C-EF13A894528A} = {0E6FB860-BC56-43EA-9D24-229553237F8E}
		{E51DAC27-7301-41FC-AB37-2E514A843708} = {0E6FB860-BC56-43EA-9D24-229553237F8E}
	EndGlobalSection
	GlobalSection(ExtensibilityGlobals) = postSolution
		SolutionGuid = {C8A1D8D3-E23F-4F04-B461-BD358F704365}
	EndGlobalSection
EndGlobal
