
Microsoft Visual Studio Solution File, Format Version 12.00
# Visual Studio Version 17
VisualStudioVersion = 17.2.32630.192
MinimumVisualStudioVersion = 10.0.40219.1
Project("{9A19103F-16F7-4668-BE54-9A1E7A4F7556}") = "R5T.T0167.Construction", "R5T.T0167.Construction\R5T.T0167.Construction.csproj", "{2463F3C8-6E2F-45D5-840C-D68A4EB6205C}"
EndProject
Project("{9A19103F-16F7-4668-BE54-9A1E7A4F7556}") = "R5T.T0167", "R5T.T0167\R5T.T0167.csproj", "{C5976B50-A3F2-4C66-BD56-A883FC2FBC63}"
EndProject
Project("{9A19103F-16F7-4668-BE54-9A1E7A4F7556}") = "R5T.T0167.F000", "R5T.T0167.F000\R5T.T0167.F000.csproj", "{72F9C1FC-E9E2-4457-9C7D-60B51C8C68B6}"
EndProject
Project("{2150E333-8FDC-42A3-9474-1A3956D46DE8}") = "_Dependencies", "_Dependencies", "{EF4161A7-1C19-40BA-B972-712B53FE8FB2}"
EndProject
Project("{9A19103F-16F7-4668-BE54-9A1E7A4F7556}") = "R5T.F0000", "..\..\R5T.F0000\source\R5T.F0000\R5T.F0000.csproj", "{C8987C66-E006-426E-840A-9E626BDFDF4F}"
EndProject
Project("{9A19103F-16F7-4668-BE54-9A1E7A4F7556}") = "R5T.T0064", "..\..\R5T.T0064\source\R5T.T0064\R5T.T0064.csproj", "{5B769A2B-101E-4952-B092-0D44A929348A}"
EndProject
Project("{9A19103F-16F7-4668-BE54-9A1E7A4F7556}") = "R5T.T0131", "..\..\R5T.T0131\source\R5T.T0131\R5T.T0131.csproj", "{D506A98E-5A94-42F6-9187-BBBE1D0F7FC5}"
EndProject
Project("{9A19103F-16F7-4668-BE54-9A1E7A4F7556}") = "R5T.T0132", "..\..\R5T.T0132\source\R5T.T0132\R5T.T0132.csproj", "{D5DE8AF0-B14D-4897-8E41-2334525CA71F}"
EndProject
Project("{9A19103F-16F7-4668-BE54-9A1E7A4F7556}") = "R5T.T0141", "..\..\R5T.T0141\source\R5T.T0141\R5T.T0141.csproj", "{AC47D037-DE9D-4947-B397-02BB3C2E40F2}"
EndProject
Project("{9A19103F-16F7-4668-BE54-9A1E7A4F7556}") = "R5T.T0142", "..\..\R5T.T0142\source\R5T.T0142\R5T.T0142.csproj", "{A1EC2962-1C28-4190-8E9D-28D7A9D47313}"
EndProject
Project("{9A19103F-16F7-4668-BE54-9A1E7A4F7556}") = "R5T.T0143", "..\..\R5T.T0143\source\R5T.T0143\R5T.T0143.csproj", "{5A5C5EC8-1CB1-497A-A51B-3E3FCCCAD11F}"
EndProject
Project("{9A19103F-16F7-4668-BE54-9A1E7A4F7556}") = "R5T.T0150", "..\..\R5T.T0150\source\R5T.T0150\R5T.T0150.csproj", "{02E7578E-36A2-428C-8D92-CABAF197F859}"
EndProject
Project("{9A19103F-16F7-4668-BE54-9A1E7A4F7556}") = "R5T.T0151", "..\..\R5T.T0151\source\R5T.T0151\R5T.T0151.csproj", "{A4A6AA1F-D0D4-43F5-916F-8B9DEA0BB214}"
EndProject
Project("{9A19103F-16F7-4668-BE54-9A1E7A4F7556}") = "R5T.T0154", "..\..\R5T.T0154\source\R5T.T0154\R5T.T0154.csproj", "{B9F25371-89F1-4108-8AA7-BF538E69CEDB}"
EndProject
Project("{9A19103F-16F7-4668-BE54-9A1E7A4F7556}") = "R5T.T0155", "..\..\R5T.T0155\source\R5T.T0155\R5T.T0155.csproj", "{516294FA-81A8-44C5-960B-CB4A36FAE7A9}"
EndProject
Project("{9A19103F-16F7-4668-BE54-9A1E7A4F7556}") = "R5T.T0156", "..\..\R5T.T0156\source\R5T.T0156\R5T.T0156.csproj", "{AAC697B6-2770-42EF-ABB6-3F91DD8A8D0E}"
EndProject
Project("{9A19103F-16F7-4668-BE54-9A1E7A4F7556}") = "R5T.T0168", "..\..\R5T.T0168\source\R5T.T0168\R5T.T0168.csproj", "{9FB4016D-7422-4F08-848E-5CF2488D844E}"
EndProject
Project("{9A19103F-16F7-4668-BE54-9A1E7A4F7556}") = "R5T.Y0000", "..\..\R5T.Y0000\source\R5T.Y0000\R5T.Y0000.csproj", "{EE0080EC-8593-4C1E-8673-850F9AE6349D}"
EndProject
Project("{9A19103F-16F7-4668-BE54-9A1E7A4F7556}") = "R5T.Z0000", "..\..\R5T.Z0000\source\R5T.Z0000\R5T.Z0000.csproj", "{DC6E0FF1-9F4D-494B-A9E8-F2FE5B65639B}"
EndProject
Project("{9A19103F-16F7-4668-BE54-9A1E7A4F7556}") = "R5T.F0002", "..\..\R5T.F0002\source\R5T.F0002\R5T.F0002.csproj", "{5A8DDD66-AA8A-4764-9652-70BF6FB0CBE4}"
EndProject
Project("{9A19103F-16F7-4668-BE54-9A1E7A4F7556}") = "R5T.F0018", "..\..\R5T.F0018\source\R5T.F0018\R5T.F0018.csproj", "{CBC80445-A0AD-463C-8EBC-58E5A717961F}"
EndProject
Project("{9A19103F-16F7-4668-BE54-9A1E7A4F7556}") = "R5T.Z0015", "..\..\R5T.Z0015\source\R5T.Z0015\R5T.Z0015.csproj", "{CF0ECE02-482A-4B24-8906-D9A7B62F822E}"
EndProject
Project("{9A19103F-16F7-4668-BE54-9A1E7A4F7556}") = "R5T.F0033", "..\..\R5T.F0033\source\R5T.F0033\R5T.F0033.csproj", "{2B7BD59E-30B5-4C93-A0D2-9D90ABA2D439}"
EndProject
Global
	GlobalSection(SolutionConfigurationPlatforms) = preSolution
		Debug|Any CPU = Debug|Any CPU
		Release|Any CPU = Release|Any CPU
	EndGlobalSection
	GlobalSection(ProjectConfigurationPlatforms) = postSolution
		{2463F3C8-6E2F-45D5-840C-D68A4EB6205C}.Debug|Any CPU.ActiveCfg = Debug|Any CPU
		{2463F3C8-6E2F-45D5-840C-D68A4EB6205C}.Debug|Any CPU.Build.0 = Debug|Any CPU
		{2463F3C8-6E2F-45D5-840C-D68A4EB6205C}.Release|Any CPU.ActiveCfg = Release|Any CPU
		{2463F3C8-6E2F-45D5-840C-D68A4EB6205C}.Release|Any CPU.Build.0 = Release|Any CPU
		{C5976B50-A3F2-4C66-BD56-A883FC2FBC63}.Debug|Any CPU.ActiveCfg = Debug|Any CPU
		{C5976B50-A3F2-4C66-BD56-A883FC2FBC63}.Debug|Any CPU.Build.0 = Debug|Any CPU
		{C5976B50-A3F2-4C66-BD56-A883FC2FBC63}.Release|Any CPU.ActiveCfg = Release|Any CPU
		{C5976B50-A3F2-4C66-BD56-A883FC2FBC63}.Release|Any CPU.Build.0 = Release|Any CPU
		{72F9C1FC-E9E2-4457-9C7D-60B51C8C68B6}.Debug|Any CPU.ActiveCfg = Debug|Any CPU
		{72F9C1FC-E9E2-4457-9C7D-60B51C8C68B6}.Debug|Any CPU.Build.0 = Debug|Any CPU
		{72F9C1FC-E9E2-4457-9C7D-60B51C8C68B6}.Release|Any CPU.ActiveCfg = Release|Any CPU
		{72F9C1FC-E9E2-4457-9C7D-60B51C8C68B6}.Release|Any CPU.Build.0 = Release|Any CPU
		{C8987C66-E006-426E-840A-9E626BDFDF4F}.Debug|Any CPU.ActiveCfg = Debug|Any CPU
		{C8987C66-E006-426E-840A-9E626BDFDF4F}.Debug|Any CPU.Build.0 = Debug|Any CPU
		{C8987C66-E006-426E-840A-9E626BDFDF4F}.Release|Any CPU.ActiveCfg = Release|Any CPU
		{C8987C66-E006-426E-840A-9E626BDFDF4F}.Release|Any CPU.Build.0 = Release|Any CPU
		{5B769A2B-101E-4952-B092-0D44A929348A}.Debug|Any CPU.ActiveCfg = Debug|Any CPU
		{5B769A2B-101E-4952-B092-0D44A929348A}.Debug|Any CPU.Build.0 = Debug|Any CPU
		{5B769A2B-101E-4952-B092-0D44A929348A}.Release|Any CPU.ActiveCfg = Release|Any CPU
		{5B769A2B-101E-4952-B092-0D44A929348A}.Release|Any CPU.Build.0 = Release|Any CPU
		{D506A98E-5A94-42F6-9187-BBBE1D0F7FC5}.Debug|Any CPU.ActiveCfg = Debug|Any CPU
		{D506A98E-5A94-42F6-9187-BBBE1D0F7FC5}.Debug|Any CPU.Build.0 = Debug|Any CPU
		{D506A98E-5A94-42F6-9187-BBBE1D0F7FC5}.Release|Any CPU.ActiveCfg = Release|Any CPU
		{D506A98E-5A94-42F6-9187-BBBE1D0F7FC5}.Release|Any CPU.Build.0 = Release|Any CPU
		{D5DE8AF0-B14D-4897-8E41-2334525CA71F}.Debug|Any CPU.ActiveCfg = Debug|Any CPU
		{D5DE8AF0-B14D-4897-8E41-2334525CA71F}.Debug|Any CPU.Build.0 = Debug|Any CPU
		{D5DE8AF0-B14D-4897-8E41-2334525CA71F}.Release|Any CPU.ActiveCfg = Release|Any CPU
		{D5DE8AF0-B14D-4897-8E41-2334525CA71F}.Release|Any CPU.Build.0 = Release|Any CPU
		{AC47D037-DE9D-4947-B397-02BB3C2E40F2}.Debug|Any CPU.ActiveCfg = Debug|Any CPU
		{AC47D037-DE9D-4947-B397-02BB3C2E40F2}.Debug|Any CPU.Build.0 = Debug|Any CPU
		{AC47D037-DE9D-4947-B397-02BB3C2E40F2}.Release|Any CPU.ActiveCfg = Release|Any CPU
		{AC47D037-DE9D-4947-B397-02BB3C2E40F2}.Release|Any CPU.Build.0 = Release|Any CPU
		{A1EC2962-1C28-4190-8E9D-28D7A9D47313}.Debug|Any CPU.ActiveCfg = Debug|Any CPU
		{A1EC2962-1C28-4190-8E9D-28D7A9D47313}.Debug|Any CPU.Build.0 = Debug|Any CPU
		{A1EC2962-1C28-4190-8E9D-28D7A9D47313}.Release|Any CPU.ActiveCfg = Release|Any CPU
		{A1EC2962-1C28-4190-8E9D-28D7A9D47313}.Release|Any CPU.Build.0 = Release|Any CPU
		{5A5C5EC8-1CB1-497A-A51B-3E3FCCCAD11F}.Debug|Any CPU.ActiveCfg = Debug|Any CPU
		{5A5C5EC8-1CB1-497A-A51B-3E3FCCCAD11F}.Debug|Any CPU.Build.0 = Debug|Any CPU
		{5A5C5EC8-1CB1-497A-A51B-3E3FCCCAD11F}.Release|Any CPU.ActiveCfg = Release|Any CPU
		{5A5C5EC8-1CB1-497A-A51B-3E3FCCCAD11F}.Release|Any CPU.Build.0 = Release|Any CPU
		{02E7578E-36A2-428C-8D92-CABAF197F859}.Debug|Any CPU.ActiveCfg = Debug|Any CPU
		{02E7578E-36A2-428C-8D92-CABAF197F859}.Debug|Any CPU.Build.0 = Debug|Any CPU
		{02E7578E-36A2-428C-8D92-CABAF197F859}.Release|Any CPU.ActiveCfg = Release|Any CPU
		{02E7578E-36A2-428C-8D92-CABAF197F859}.Release|Any CPU.Build.0 = Release|Any CPU
		{A4A6AA1F-D0D4-43F5-916F-8B9DEA0BB214}.Debug|Any CPU.ActiveCfg = Debug|Any CPU
		{A4A6AA1F-D0D4-43F5-916F-8B9DEA0BB214}.Debug|Any CPU.Build.0 = Debug|Any CPU
		{A4A6AA1F-D0D4-43F5-916F-8B9DEA0BB214}.Release|Any CPU.ActiveCfg = Release|Any CPU
		{A4A6AA1F-D0D4-43F5-916F-8B9DEA0BB214}.Release|Any CPU.Build.0 = Release|Any CPU
		{B9F25371-89F1-4108-8AA7-BF538E69CEDB}.Debug|Any CPU.ActiveCfg = Debug|Any CPU
		{B9F25371-89F1-4108-8AA7-BF538E69CEDB}.Debug|Any CPU.Build.0 = Debug|Any CPU
		{B9F25371-89F1-4108-8AA7-BF538E69CEDB}.Release|Any CPU.ActiveCfg = Release|Any CPU
		{B9F25371-89F1-4108-8AA7-BF538E69CEDB}.Release|Any CPU.Build.0 = Release|Any CPU
		{516294FA-81A8-44C5-960B-CB4A36FAE7A9}.Debug|Any CPU.ActiveCfg = Debug|Any CPU
		{516294FA-81A8-44C5-960B-CB4A36FAE7A9}.Debug|Any CPU.Build.0 = Debug|Any CPU
		{516294FA-81A8-44C5-960B-CB4A36FAE7A9}.Release|Any CPU.ActiveCfg = Release|Any CPU
		{516294FA-81A8-44C5-960B-CB4A36FAE7A9}.Release|Any CPU.Build.0 = Release|Any CPU
		{AAC697B6-2770-42EF-ABB6-3F91DD8A8D0E}.Debug|Any CPU.ActiveCfg = Debug|Any CPU
		{AAC697B6-2770-42EF-ABB6-3F91DD8A8D0E}.Debug|Any CPU.Build.0 = Debug|Any CPU
		{AAC697B6-2770-42EF-ABB6-3F91DD8A8D0E}.Release|Any CPU.ActiveCfg = Release|Any CPU
		{AAC697B6-2770-42EF-ABB6-3F91DD8A8D0E}.Release|Any CPU.Build.0 = Release|Any CPU
		{9FB4016D-7422-4F08-848E-5CF2488D844E}.Debug|Any CPU.ActiveCfg = Debug|Any CPU
		{9FB4016D-7422-4F08-848E-5CF2488D844E}.Debug|Any CPU.Build.0 = Debug|Any CPU
		{9FB4016D-7422-4F08-848E-5CF2488D844E}.Release|Any CPU.ActiveCfg = Release|Any CPU
		{9FB4016D-7422-4F08-848E-5CF2488D844E}.Release|Any CPU.Build.0 = Release|Any CPU
		{EE0080EC-8593-4C1E-8673-850F9AE6349D}.Debug|Any CPU.ActiveCfg = Debug|Any CPU
		{EE0080EC-8593-4C1E-8673-850F9AE6349D}.Debug|Any CPU.Build.0 = Debug|Any CPU
		{EE0080EC-8593-4C1E-8673-850F9AE6349D}.Release|Any CPU.ActiveCfg = Release|Any CPU
		{EE0080EC-8593-4C1E-8673-850F9AE6349D}.Release|Any CPU.Build.0 = Release|Any CPU
		{DC6E0FF1-9F4D-494B-A9E8-F2FE5B65639B}.Debug|Any CPU.ActiveCfg = Debug|Any CPU
		{DC6E0FF1-9F4D-494B-A9E8-F2FE5B65639B}.Debug|Any CPU.Build.0 = Debug|Any CPU
		{DC6E0FF1-9F4D-494B-A9E8-F2FE5B65639B}.Release|Any CPU.ActiveCfg = Release|Any CPU
		{DC6E0FF1-9F4D-494B-A9E8-F2FE5B65639B}.Release|Any CPU.Build.0 = Release|Any CPU
		{5A8DDD66-AA8A-4764-9652-70BF6FB0CBE4}.Debug|Any CPU.ActiveCfg = Debug|Any CPU
		{5A8DDD66-AA8A-4764-9652-70BF6FB0CBE4}.Debug|Any CPU.Build.0 = Debug|Any CPU
		{5A8DDD66-AA8A-4764-9652-70BF6FB0CBE4}.Release|Any CPU.ActiveCfg = Release|Any CPU
		{5A8DDD66-AA8A-4764-9652-70BF6FB0CBE4}.Release|Any CPU.Build.0 = Release|Any CPU
		{CBC80445-A0AD-463C-8EBC-58E5A717961F}.Debug|Any CPU.ActiveCfg = Debug|Any CPU
		{CBC80445-A0AD-463C-8EBC-58E5A717961F}.Debug|Any CPU.Build.0 = Debug|Any CPU
		{CBC80445-A0AD-463C-8EBC-58E5A717961F}.Release|Any CPU.ActiveCfg = Release|Any CPU
		{CBC80445-A0AD-463C-8EBC-58E5A717961F}.Release|Any CPU.Build.0 = Release|Any CPU
		{CF0ECE02-482A-4B24-8906-D9A7B62F822E}.Debug|Any CPU.ActiveCfg = Debug|Any CPU
		{CF0ECE02-482A-4B24-8906-D9A7B62F822E}.Debug|Any CPU.Build.0 = Debug|Any CPU
		{CF0ECE02-482A-4B24-8906-D9A7B62F822E}.Release|Any CPU.ActiveCfg = Release|Any CPU
		{CF0ECE02-482A-4B24-8906-D9A7B62F822E}.Release|Any CPU.Build.0 = Release|Any CPU
		{2B7BD59E-30B5-4C93-A0D2-9D90ABA2D439}.Debug|Any CPU.ActiveCfg = Debug|Any CPU
		{2B7BD59E-30B5-4C93-A0D2-9D90ABA2D439}.Debug|Any CPU.Build.0 = Debug|Any CPU
		{2B7BD59E-30B5-4C93-A0D2-9D90ABA2D439}.Release|Any CPU.ActiveCfg = Release|Any CPU
		{2B7BD59E-30B5-4C93-A0D2-9D90ABA2D439}.Release|Any CPU.Build.0 = Release|Any CPU
	EndGlobalSection
	GlobalSection(SolutionProperties) = preSolution
		HideSolutionNode = FALSE
	EndGlobalSection
	GlobalSection(NestedProjects) = preSolution
		{C8987C66-E006-426E-840A-9E626BDFDF4F} = {EF4161A7-1C19-40BA-B972-712B53FE8FB2}
		{5B769A2B-101E-4952-B092-0D44A929348A} = {EF4161A7-1C19-40BA-B972-712B53FE8FB2}
		{D506A98E-5A94-42F6-9187-BBBE1D0F7FC5} = {EF4161A7-1C19-40BA-B972-712B53FE8FB2}
		{D5DE8AF0-B14D-4897-8E41-2334525CA71F} = {EF4161A7-1C19-40BA-B972-712B53FE8FB2}
		{AC47D037-DE9D-4947-B397-02BB3C2E40F2} = {EF4161A7-1C19-40BA-B972-712B53FE8FB2}
		{A1EC2962-1C28-4190-8E9D-28D7A9D47313} = {EF4161A7-1C19-40BA-B972-712B53FE8FB2}
		{5A5C5EC8-1CB1-497A-A51B-3E3FCCCAD11F} = {EF4161A7-1C19-40BA-B972-712B53FE8FB2}
		{02E7578E-36A2-428C-8D92-CABAF197F859} = {EF4161A7-1C19-40BA-B972-712B53FE8FB2}
		{A4A6AA1F-D0D4-43F5-916F-8B9DEA0BB214} = {EF4161A7-1C19-40BA-B972-712B53FE8FB2}
		{B9F25371-89F1-4108-8AA7-BF538E69CEDB} = {EF4161A7-1C19-40BA-B972-712B53FE8FB2}
		{516294FA-81A8-44C5-960B-CB4A36FAE7A9} = {EF4161A7-1C19-40BA-B972-712B53FE8FB2}
		{AAC697B6-2770-42EF-ABB6-3F91DD8A8D0E} = {EF4161A7-1C19-40BA-B972-712B53FE8FB2}
		{9FB4016D-7422-4F08-848E-5CF2488D844E} = {EF4161A7-1C19-40BA-B972-712B53FE8FB2}
		{EE0080EC-8593-4C1E-8673-850F9AE6349D} = {EF4161A7-1C19-40BA-B972-712B53FE8FB2}
		{DC6E0FF1-9F4D-494B-A9E8-F2FE5B65639B} = {EF4161A7-1C19-40BA-B972-712B53FE8FB2}
		{5A8DDD66-AA8A-4764-9652-70BF6FB0CBE4} = {EF4161A7-1C19-40BA-B972-712B53FE8FB2}
		{CBC80445-A0AD-463C-8EBC-58E5A717961F} = {EF4161A7-1C19-40BA-B972-712B53FE8FB2}
		{CF0ECE02-482A-4B24-8906-D9A7B62F822E} = {EF4161A7-1C19-40BA-B972-712B53FE8FB2}
		{2B7BD59E-30B5-4C93-A0D2-9D90ABA2D439} = {EF4161A7-1C19-40BA-B972-712B53FE8FB2}
	EndGlobalSection
	GlobalSection(ExtensibilityGlobals) = postSolution
		SolutionGuid = {A4ECFC09-C395-4471-90EE-03445F4A15EE}
	EndGlobalSection
EndGlobal
